PODS:
  - AsyncSwift (2.0.4)
  - iOSCSRSwift (0.0.992)
  - SwiftyJSON (4.2.0)
  - SymbioteIosUtils (0.1.1):
    - AsyncSwift
    - SwiftyJSON
  - SymbioteSecurity4iOS (0.1.3):
    - AsyncSwift
    - iOSCSRSwift
    - SwiftyJSON
    - SymbioteIosUtils

DEPENDENCIES:
  - SymbioteSecurity4iOS (from `../`)

SPEC REPOS:
  https://github.com/cocoapods/specs.git:
    - AsyncSwift
    - iOSCSRSwift
    - SwiftyJSON
    - SymbioteIosUtils

EXTERNAL SOURCES:
  SymbioteSecurity4iOS:
    :path: "../"

SPEC CHECKSUMS:
  AsyncSwift: 65775a7b32e740609b24969ece3de58723b9dc3e
  iOSCSRSwift: 8ef1a929a73cf85276e6196e3e7d52badbf829cd
  SwiftyJSON: c4bcba26dd9ec7a027fc8eade48e2c911f229e96
  SymbioteIosUtils: 15333ff7694a4fae6be7893712605ad289313a86
  SymbioteSecurity4iOS: 896dd1a703f3e73e865af4441a0b0b8da4cbae7b

PODFILE CHECKSUM: 12e8728e09d248b9694772071b4ff0b69df4f231

COCOAPODS: 1.5.3
